
Microsoft Visual Studio Solution File, Format Version 12.00
Project("{FAE04EC0-301F-11D3-BF4B-00C04F79EFBC}") = "DDT.DAL", "DDT.DAL\DDT.DAL.csproj", "{F469E674-16D0-4D13-9DD1-F539794AE7CF}"
EndProject
Project("{FAE04EC0-301F-11D3-BF4B-00C04F79EFBC}") = "DDT.BLL", "DDT.BLL\DDT.BLL.csproj", "{5EF87205-C60F-4E31-AC69-C4F7C46C9D42}"
EndProject
Project("{FAE04EC0-301F-11D3-BF4B-00C04F79EFBC}") = "DDT.API", "DDT.API\DDT.API.csproj", "{3011CD93-1A61-410A-A9DD-150511D86850}"
EndProject
Global
	GlobalSection(SolutionConfigurationPlatforms) = preSolution
		Debug|Any CPU = Debug|Any CPU
		Release|Any CPU = Release|Any CPU
	EndGlobalSection
	GlobalSection(ProjectConfigurationPlatforms) = postSolution
		{F469E674-16D0-4D13-9DD1-F539794AE7CF}.Debug|Any CPU.ActiveCfg = Debug|Any CPU
		{F469E674-16D0-4D13-9DD1-F539794AE7CF}.Debug|Any CPU.Build.0 = Debug|Any CPU
		{F469E674-16D0-4D13-9DD1-F539794AE7CF}.Release|Any CPU.ActiveCfg = Release|Any CPU
		{F469E674-16D0-4D13-9DD1-F539794AE7CF}.Release|Any CPU.Build.0 = Release|Any CPU
		{5EF87205-C60F-4E31-AC69-C4F7C46C9D42}.Debug|Any CPU.ActiveCfg = Debug|Any CPU
		{5EF87205-C60F-4E31-AC69-C4F7C46C9D42}.Debug|Any CPU.Build.0 = Debug|Any CPU
		{5EF87205-C60F-4E31-AC69-C4F7C46C9D42}.Release|Any CPU.ActiveCfg = Release|Any CPU
		{5EF87205-C60F-4E31-AC69-C4F7C46C9D42}.Release|Any CPU.Build.0 = Release|Any CPU
		{3011CD93-1A61-410A-A9DD-150511D86850}.Debug|Any CPU.ActiveCfg = Debug|Any CPU
		{3011CD93-1A61-410A-A9DD-150511D86850}.Debug|Any CPU.Build.0 = Debug|Any CPU
		{3011CD93-1A61-410A-A9DD-150511D86850}.Release|Any CPU.ActiveCfg = Release|Any CPU
		{3011CD93-1A61-410A-A9DD-150511D86850}.Release|Any CPU.Build.0 = Release|Any CPU
	EndGlobalSection
EndGlobal
