
Microsoft Visual Studio Solution File, Format Version 12.00
Project("{FAE04EC0-301F-11D3-BF4B-00C04F79EFBC}") = "DDT.Backend.AIService.DAL", "DDT.Backend.AIService.DAL\DDT.Backend.AIService.DAL.csproj", "{2E1A609D-5800-42B7-AF08-6E2B3C948D03}"
EndProject
Project("{FAE04EC0-301F-11D3-BF4B-00C04F79EFBC}") = "DDT.Backend.AIService.BLL", "DDT.Backend.AIService.BLL\DDT.Backend.AIService.BLL.csproj", "{1DF323DE-CD42-4F91-8BCE-99943EAC8823}"
EndProject
Project("{FAE04EC0-301F-11D3-BF4B-00C04F79EFBC}") = "DDT.Backend.AIService.API", "DDT.Backend.AIService.API\DDT.Backend.AIService.API.csproj", "{65ACC7FA-7DB0-4166-BD8B-2D6585356DD7}"
EndProject
Global
	GlobalSection(SolutionConfigurationPlatforms) = preSolution
		Debug|Any CPU = Debug|Any CPU
		Release|Any CPU = Release|Any CPU
	EndGlobalSection
	GlobalSection(ProjectConfigurationPlatforms) = postSolution
		{2E1A609D-5800-42B7-AF08-6E2B3C948D03}.Debug|Any CPU.ActiveCfg = Debug|Any CPU
		{2E1A609D-5800-42B7-AF08-6E2B3C948D03}.Debug|Any CPU.Build.0 = Debug|Any CPU
		{2E1A609D-5800-42B7-AF08-6E2B3C948D03}.Release|Any CPU.ActiveCfg = Release|Any CPU
		{2E1A609D-5800-42B7-AF08-6E2B3C948D03}.Release|Any CPU.Build.0 = Release|Any CPU
		{1DF323DE-CD42-4F91-8BCE-99943EAC8823}.Debug|Any CPU.ActiveCfg = Debug|Any CPU
		{1DF323DE-CD42-4F91-8BCE-99943EAC8823}.Debug|Any CPU.Build.0 = Debug|Any CPU
		{1DF323DE-CD42-4F91-8BCE-99943EAC8823}.Release|Any CPU.ActiveCfg = Release|Any CPU
		{1DF323DE-CD42-4F91-8BCE-99943EAC8823}.Release|Any CPU.Build.0 = Release|Any CPU
		{65ACC7FA-7DB0-4166-BD8B-2D6585356DD7}.Debug|Any CPU.ActiveCfg = Debug|Any CPU
		{65ACC7FA-7DB0-4166-BD8B-2D6585356DD7}.Debug|Any CPU.Build.0 = Debug|Any CPU
		{65ACC7FA-7DB0-4166-BD8B-2D6585356DD7}.Release|Any CPU.ActiveCfg = Release|Any CPU
		{65ACC7FA-7DB0-4166-BD8B-2D6585356DD7}.Release|Any CPU.Build.0 = Release|Any CPU
	EndGlobalSection
EndGlobal
